
Microsoft Visual Studio Solution File, Format Version 12.00
# Visual Studio 2013
VisualStudioVersion = 12.0.31101.0
MinimumVisualStudioVersion = 10.0.40219.1
Project("{FAE04EC0-301F-11D3-BF4B-00C04F79EFBC}") = "TowerAdventure", "TowerAdventure\TowerAdventure.csproj", "{DA6044B8-4350-49F9-91BD-F934B2F2E338}"
EndProject
Project("{2150E333-8FDC-42A3-9474-1A3956D46DE8}") = "Solution Items", "Solution Items", "{AF28EE18-F5E0-4ED5-A9A0-1D7A11327D52}"
EndProject
Global
	GlobalSection(SolutionConfigurationPlatforms) = preSolution
		Debug|Any CPU = Debug|Any CPU
		Release|Any CPU = Release|Any CPU
	EndGlobalSection
	GlobalSection(ProjectConfigurationPlatforms) = postSolution
		{DA6044B8-4350-49F9-91BD-F934B2F2E338}.Debug|Any CPU.ActiveCfg = Debug|Any CPU
		{DA6044B8-4350-49F9-91BD-F934B2F2E338}.Debug|Any CPU.Build.0 = Debug|Any CPU
		{DA6044B8-4350-49F9-91BD-F934B2F2E338}.Release|Any CPU.ActiveCfg = Release|Any CPU
		{DA6044B8-4350-49F9-91BD-F934B2F2E338}.Release|Any CPU.Build.0 = Release|Any CPU
	EndGlobalSection
	GlobalSection(SolutionProperties) = preSolution
		HideSolutionNode = FALSE
	EndGlobalSection
EndGlobal
